// !$*UTF8*$!
{
	archiveVersion = 1;
	classes = {
	};
	objectVersion = 48;
	objects = {

/* Begin PBXBuildFile section */
		092F21586FE1FB721B6EA850 /* Pods_FlixTests.framework in Frameworks */ = {isa = PBXBuildFile; fileRef = 2FB68D5765B0D56D0AAEF543 /* Pods_FlixTests.framework */; };
		3B1D0411344C6614BAB1AB69 /* Pods_FlixUITests.framework in Frameworks */ = {isa = PBXBuildFile; fileRef = C07410963206F806197526EE /* Pods_FlixUITests.framework */; };
		630105EE20314009004A746B /* DetailsViewController.swift in Sources */ = {isa = PBXBuildFile; fileRef = 630105ED20314009004A746B /* DetailsViewController.swift */; };
		630105F020317855004A746B /* PosterCell.swift in Sources */ = {isa = PBXBuildFile; fileRef = 630105EF20317855004A746B /* PosterCell.swift */; };
		630105F2203178A9004A746B /* SuperheroViewController.swift in Sources */ = {isa = PBXBuildFile; fileRef = 630105F1203178A9004A746B /* SuperheroViewController.swift */; };
		632B737C2027C2A2008FE116 /* MovieCell.swift in Sources */ = {isa = PBXBuildFile; fileRef = 632B737B2027C2A2008FE116 /* MovieCell.swift */; };
		636EADB520318FB900C30B0C /* PopularViewController.swift in Sources */ = {isa = PBXBuildFile; fileRef = 636EADB420318FB900C30B0C /* PopularViewController.swift */; };
		63828BCD20279D6500554B35 /* MoviesViewController.swift in Sources */ = {isa = PBXBuildFile; fileRef = 63828BCC20279D6500554B35 /* MoviesViewController.swift */; };
		639843692026C145007B5E17 /* AppDelegate.swift in Sources */ = {isa = PBXBuildFile; fileRef = 639843682026C145007B5E17 /* AppDelegate.swift */; };
		6398436E2026C145007B5E17 /* Main.storyboard in Resources */ = {isa = PBXBuildFile; fileRef = 6398436C2026C145007B5E17 /* Main.storyboard */; };
		639843702026C145007B5E17 /* Assets.xcassets in Resources */ = {isa = PBXBuildFile; fileRef = 6398436F2026C145007B5E17 /* Assets.xcassets */; };
		639843732026C145007B5E17 /* LaunchScreen.storyboard in Resources */ = {isa = PBXBuildFile; fileRef = 639843712026C145007B5E17 /* LaunchScreen.storyboard */; };
		6398437E2026C145007B5E17 /* FlixTests.swift in Sources */ = {isa = PBXBuildFile; fileRef = 6398437D2026C145007B5E17 /* FlixTests.swift */; };
		639843892026C146007B5E17 /* FlixUITests.swift in Sources */ = {isa = PBXBuildFile; fileRef = 639843882026C146007B5E17 /* FlixUITests.swift */; };
		65DEF13A482181370C29F1C9 /* Pods_Flix.framework in Frameworks */ = {isa = PBXBuildFile; fileRef = C51D75E1FB9F6FF47C935DAC /* Pods_Flix.framework */; };
/* End PBXBuildFile section */

/* Begin PBXContainerItemProxy section */
		6398437A2026C145007B5E17 /* PBXContainerItemProxy */ = {
			isa = PBXContainerItemProxy;
			containerPortal = 6398435D2026C145007B5E17 /* Project object */;
			proxyType = 1;
			remoteGlobalIDString = 639843642026C145007B5E17;
			remoteInfo = Flix;
		};
		639843852026C146007B5E17 /* PBXContainerItemProxy */ = {
			isa = PBXContainerItemProxy;
			containerPortal = 6398435D2026C145007B5E17 /* Project object */;
			proxyType = 1;
			remoteGlobalIDString = 639843642026C145007B5E17;
			remoteInfo = Flix;
		};
/* End PBXContainerItemProxy section */

/* Begin PBXFileReference section */
		09D41F95650CE230CF6DE5B7 /* Pods-FlixTests.release.xcconfig */ = {isa = PBXFileReference; includeInIndex = 1; lastKnownFileType = text.xcconfig; name = "Pods-FlixTests.release.xcconfig"; path = "Pods/Target Support Files/Pods-FlixTests/Pods-FlixTests.release.xcconfig"; sourceTree = "<group>"; };
		2B738DB1C5A00036906862E8 /* Pods-Flix.release.xcconfig */ = {isa = PBXFileReference; includeInIndex = 1; lastKnownFileType = text.xcconfig; name = "Pods-Flix.release.xcconfig"; path = "Pods/Target Support Files/Pods-Flix/Pods-Flix.release.xcconfig"; sourceTree = "<group>"; };
		2FB68D5765B0D56D0AAEF543 /* Pods_FlixTests.framework */ = {isa = PBXFileReference; explicitFileType = wrapper.framework; includeInIndex = 0; path = Pods_FlixTests.framework; sourceTree = BUILT_PRODUCTS_DIR; };
		630105ED20314009004A746B /* DetailsViewController.swift */ = {isa = PBXFileReference; lastKnownFileType = sourcecode.swift; path = DetailsViewController.swift; sourceTree = "<group>"; };
		630105EF20317855004A746B /* PosterCell.swift */ = {isa = PBXFileReference; lastKnownFileType = sourcecode.swift; path = PosterCell.swift; sourceTree = "<group>"; };
		630105F1203178A9004A746B /* SuperheroViewController.swift */ = {isa = PBXFileReference; lastKnownFileType = sourcecode.swift; path = SuperheroViewController.swift; sourceTree = "<group>"; };
		632B737B2027C2A2008FE116 /* MovieCell.swift */ = {isa = PBXFileReference; lastKnownFileType = sourcecode.swift; path = MovieCell.swift; sourceTree = "<group>"; };
		636EADB420318FB900C30B0C /* PopularViewController.swift */ = {isa = PBXFileReference; lastKnownFileType = sourcecode.swift; path = PopularViewController.swift; sourceTree = "<group>"; };
		63828BCC20279D6500554B35 /* MoviesViewController.swift */ = {isa = PBXFileReference; lastKnownFileType = sourcecode.swift; path = MoviesViewController.swift; sourceTree = "<group>"; };
		639843652026C145007B5E17 /* Flix.app */ = {isa = PBXFileReference; explicitFileType = wrapper.application; includeInIndex = 0; path = Flix.app; sourceTree = BUILT_PRODUCTS_DIR; };
		639843682026C145007B5E17 /* AppDelegate.swift */ = {isa = PBXFileReference; lastKnownFileType = sourcecode.swift; path = AppDelegate.swift; sourceTree = "<group>"; };
		6398436D2026C145007B5E17 /* Base */ = {isa = PBXFileReference; lastKnownFileType = file.storyboard; name = Base; path = Base.lproj/Main.storyboard; sourceTree = "<group>"; };
		6398436F2026C145007B5E17 /* Assets.xcassets */ = {isa = PBXFileReference; lastKnownFileType = folder.assetcatalog; path = Assets.xcassets; sourceTree = "<group>"; };
		639843722026C145007B5E17 /* Base */ = {isa = PBXFileReference; lastKnownFileType = file.storyboard; name = Base; path = Base.lproj/LaunchScreen.storyboard; sourceTree = "<group>"; };
		639843742026C145007B5E17 /* Info.plist */ = {isa = PBXFileReference; lastKnownFileType = text.plist.xml; path = Info.plist; sourceTree = "<group>"; };
		639843792026C145007B5E17 /* FlixTests.xctest */ = {isa = PBXFileReference; explicitFileType = wrapper.cfbundle; includeInIndex = 0; path = FlixTests.xctest; sourceTree = BUILT_PRODUCTS_DIR; };
		6398437D2026C145007B5E17 /* FlixTests.swift */ = {isa = PBXFileReference; lastKnownFileType = sourcecode.swift; path = FlixTests.swift; sourceTree = "<group>"; };
		6398437F2026C145007B5E17 /* Info.plist */ = {isa = PBXFileReference; lastKnownFileType = text.plist.xml; path = Info.plist; sourceTree = "<group>"; };
		639843842026C146007B5E17 /* FlixUITests.xctest */ = {isa = PBXFileReference; explicitFileType = wrapper.cfbundle; includeInIndex = 0; path = FlixUITests.xctest; sourceTree = BUILT_PRODUCTS_DIR; };
		639843882026C146007B5E17 /* FlixUITests.swift */ = {isa = PBXFileReference; lastKnownFileType = sourcecode.swift; path = FlixUITests.swift; sourceTree = "<group>"; };
		6398438A2026C146007B5E17 /* Info.plist */ = {isa = PBXFileReference; lastKnownFileType = text.plist.xml; path = Info.plist; sourceTree = "<group>"; };
		B823D3AA30403DD70A6F4A68 /* Pods-FlixTests.debug.xcconfig */ = {isa = PBXFileReference; includeInIndex = 1; lastKnownFileType = text.xcconfig; name = "Pods-FlixTests.debug.xcconfig"; path = "Pods/Target Support Files/Pods-FlixTests/Pods-FlixTests.debug.xcconfig"; sourceTree = "<group>"; };
		C07410963206F806197526EE /* Pods_FlixUITests.framework */ = {isa = PBXFileReference; explicitFileType = wrapper.framework; includeInIndex = 0; path = Pods_FlixUITests.framework; sourceTree = BUILT_PRODUCTS_DIR; };
		C51D75E1FB9F6FF47C935DAC /* Pods_Flix.framework */ = {isa = PBXFileReference; explicitFileType = wrapper.framework; includeInIndex = 0; path = Pods_Flix.framework; sourceTree = BUILT_PRODUCTS_DIR; };
		D501C070A34CC16577FC00F5 /* Pods-Flix.debug.xcconfig */ = {isa = PBXFileReference; includeInIndex = 1; lastKnownFileType = text.xcconfig; name = "Pods-Flix.debug.xcconfig"; path = "Pods/Target Support Files/Pods-Flix/Pods-Flix.debug.xcconfig"; sourceTree = "<group>"; };
		E0CB3558497603C23D2A9BD1 /* Pods-FlixUITests.debug.xcconfig */ = {isa = PBXFileReference; includeInIndex = 1; lastKnownFileType = text.xcconfig; name = "Pods-FlixUITests.debug.xcconfig"; path = "Pods/Target Support Files/Pods-FlixUITests/Pods-FlixUITests.debug.xcconfig"; sourceTree = "<group>"; };
		E77CD50DFCE674C594F26613 /* Pods-FlixUITests.release.xcconfig */ = {isa = PBXFileReference; includeInIndex = 1; lastKnownFileType = text.xcconfig; name = "Pods-FlixUITests.release.xcconfig"; path = "Pods/Target Support Files/Pods-FlixUITests/Pods-FlixUITests.release.xcconfig"; sourceTree = "<group>"; };
/* End PBXFileReference section */

/* Begin PBXFrameworksBuildPhase section */
		639843622026C145007B5E17 /* Frameworks */ = {
			isa = PBXFrameworksBuildPhase;
			buildActionMask = 2147483647;
			files = (
				65DEF13A482181370C29F1C9 /* Pods_Flix.framework in Frameworks */,
			);
			runOnlyForDeploymentPostprocessing = 0;
		};
		639843762026C145007B5E17 /* Frameworks */ = {
			isa = PBXFrameworksBuildPhase;
			buildActionMask = 2147483647;
			files = (
				092F21586FE1FB721B6EA850 /* Pods_FlixTests.framework in Frameworks */,
			);
			runOnlyForDeploymentPostprocessing = 0;
		};
		639843812026C146007B5E17 /* Frameworks */ = {
			isa = PBXFrameworksBuildPhase;
			buildActionMask = 2147483647;
			files = (
				3B1D0411344C6614BAB1AB69 /* Pods_FlixUITests.framework in Frameworks */,
			);
			runOnlyForDeploymentPostprocessing = 0;
		};
/* End PBXFrameworksBuildPhase section */

/* Begin PBXGroup section */
		5567E028B6EFB77722EC3A3A /* Frameworks */ = {
			isa = PBXGroup;
			children = (
				C51D75E1FB9F6FF47C935DAC /* Pods_Flix.framework */,
				2FB68D5765B0D56D0AAEF543 /* Pods_FlixTests.framework */,
				C07410963206F806197526EE /* Pods_FlixUITests.framework */,
			);
			name = Frameworks;
			sourceTree = "<group>";
		};
		590ED32CB43E89EEE297B1D3 /* Pods */ = {
			isa = PBXGroup;
			children = (
				D501C070A34CC16577FC00F5 /* Pods-Flix.debug.xcconfig */,
				2B738DB1C5A00036906862E8 /* Pods-Flix.release.xcconfig */,
				B823D3AA30403DD70A6F4A68 /* Pods-FlixTests.debug.xcconfig */,
				09D41F95650CE230CF6DE5B7 /* Pods-FlixTests.release.xcconfig */,
				E0CB3558497603C23D2A9BD1 /* Pods-FlixUITests.debug.xcconfig */,
				E77CD50DFCE674C594F26613 /* Pods-FlixUITests.release.xcconfig */,
			);
			name = Pods;
			sourceTree = "<group>";
		};
		630105EB20313F7D004A746B /* ViewControllers */ = {
			isa = PBXGroup;
			children = (
				63828BCC20279D6500554B35 /* MoviesViewController.swift */,
				630105ED20314009004A746B /* DetailsViewController.swift */,
				630105F1203178A9004A746B /* SuperheroViewController.swift */,
				636EADB420318FB900C30B0C /* PopularViewController.swift */,
			);
			path = ViewControllers;
			sourceTree = "<group>";
		};
		630105EC20313FAE004A746B /* Views */ = {
			isa = PBXGroup;
			children = (
				632B737B2027C2A2008FE116 /* MovieCell.swift */,
				630105EF20317855004A746B /* PosterCell.swift */,
			);
			path = Views;
			sourceTree = "<group>";
		};
		6398435C2026C145007B5E17 = {
			isa = PBXGroup;
			children = (
				639843672026C145007B5E17 /* Flix */,
				6398437C2026C145007B5E17 /* FlixTests */,
				639843872026C146007B5E17 /* FlixUITests */,
				639843662026C145007B5E17 /* Products */,
				590ED32CB43E89EEE297B1D3 /* Pods */,
				5567E028B6EFB77722EC3A3A /* Frameworks */,
			);
			sourceTree = "<group>";
		};
		639843662026C145007B5E17 /* Products */ = {
			isa = PBXGroup;
			children = (
				639843652026C145007B5E17 /* Flix.app */,
				639843792026C145007B5E17 /* FlixTests.xctest */,
				639843842026C146007B5E17 /* FlixUITests.xctest */,
			);
			name = Products;
			sourceTree = "<group>";
		};
		639843672026C145007B5E17 /* Flix */ = {
			isa = PBXGroup;
			children = (
				630105EC20313FAE004A746B /* Views */,
				630105EB20313F7D004A746B /* ViewControllers */,
				639843682026C145007B5E17 /* AppDelegate.swift */,
				6398436C2026C145007B5E17 /* Main.storyboard */,
				6398436F2026C145007B5E17 /* Assets.xcassets */,
				639843712026C145007B5E17 /* LaunchScreen.storyboard */,
				639843742026C145007B5E17 /* Info.plist */,
			);
			path = Flix;
			sourceTree = "<group>";
		};
		6398437C2026C145007B5E17 /* FlixTests */ = {
			isa = PBXGroup;
			children = (
				6398437D2026C145007B5E17 /* FlixTests.swift */,
				6398437F2026C145007B5E17 /* Info.plist */,
			);
			path = FlixTests;
			sourceTree = "<group>";
		};
		639843872026C146007B5E17 /* FlixUITests */ = {
			isa = PBXGroup;
			children = (
				639843882026C146007B5E17 /* FlixUITests.swift */,
				6398438A2026C146007B5E17 /* Info.plist */,
			);
			path = FlixUITests;
			sourceTree = "<group>";
		};
/* End PBXGroup section */

/* Begin PBXNativeTarget section */
		639843642026C145007B5E17 /* Flix */ = {
			isa = PBXNativeTarget;
			buildConfigurationList = 6398438D2026C146007B5E17 /* Build configuration list for PBXNativeTarget "Flix" */;
			buildPhases = (
				42599E140AB5B8A5A570FE40 /* [CP] Check Pods Manifest.lock */,
				639843612026C145007B5E17 /* Sources */,
				639843622026C145007B5E17 /* Frameworks */,
				639843632026C145007B5E17 /* Resources */,
				6967AB19AE58FF8BABF07875 /* [CP] Embed Pods Frameworks */,
				6089B784033B35BD345706D1 /* [CP] Copy Pods Resources */,
			);
			buildRules = (
			);
			dependencies = (
			);
			name = Flix;
			productName = Flix;
			productReference = 639843652026C145007B5E17 /* Flix.app */;
			productType = "com.apple.product-type.application";
		};
		639843782026C145007B5E17 /* FlixTests */ = {
			isa = PBXNativeTarget;
			buildConfigurationList = 639843902026C146007B5E17 /* Build configuration list for PBXNativeTarget "FlixTests" */;
			buildPhases = (
				1F0073C4EB8F8258FC9C9CBF /* [CP] Check Pods Manifest.lock */,
				639843752026C145007B5E17 /* Sources */,
				639843762026C145007B5E17 /* Frameworks */,
				639843772026C145007B5E17 /* Resources */,
				37F5CE2A4067095A2F61EC02 /* [CP] Embed Pods Frameworks */,
				853B0B57CBCA8CE9AC313794 /* [CP] Copy Pods Resources */,
			);
			buildRules = (
			);
			dependencies = (
				6398437B2026C145007B5E17 /* PBXTargetDependency */,
			);
			name = FlixTests;
			productName = FlixTests;
			productReference = 639843792026C145007B5E17 /* FlixTests.xctest */;
			productType = "com.apple.product-type.bundle.unit-test";
		};
		639843832026C146007B5E17 /* FlixUITests */ = {
			isa = PBXNativeTarget;
			buildConfigurationList = 639843932026C146007B5E17 /* Build configuration list for PBXNativeTarget "FlixUITests" */;
			buildPhases = (
				94BDAC7E8C977F3A03F06121 /* [CP] Check Pods Manifest.lock */,
				639843802026C146007B5E17 /* Sources */,
				639843812026C146007B5E17 /* Frameworks */,
				639843822026C146007B5E17 /* Resources */,
				AFEF89E37F513D04F863F7FA /* [CP] Embed Pods Frameworks */,
				8B85E234754FB889C197E5DD /* [CP] Copy Pods Resources */,
			);
			buildRules = (
			);
			dependencies = (
				639843862026C146007B5E17 /* PBXTargetDependency */,
			);
			name = FlixUITests;
			productName = FlixUITests;
			productReference = 639843842026C146007B5E17 /* FlixUITests.xctest */;
			productType = "com.apple.product-type.bundle.ui-testing";
		};
/* End PBXNativeTarget section */

/* Begin PBXProject section */
		6398435D2026C145007B5E17 /* Project object */ = {
			isa = PBXProject;
			attributes = {
				LastSwiftUpdateCheck = 0920;
				LastUpgradeCheck = 0920;
				ORGANIZATIONNAME = DavidTan;
				TargetAttributes = {
					639843642026C145007B5E17 = {
						CreatedOnToolsVersion = 9.2;
						ProvisioningStyle = Automatic;
					};
					639843782026C145007B5E17 = {
						CreatedOnToolsVersion = 9.2;
						ProvisioningStyle = Automatic;
						TestTargetID = 639843642026C145007B5E17;
					};
					639843832026C146007B5E17 = {
						CreatedOnToolsVersion = 9.2;
						ProvisioningStyle = Automatic;
						TestTargetID = 639843642026C145007B5E17;
					};
				};
			};
			buildConfigurationList = 639843602026C145007B5E17 /* Build configuration list for PBXProject "Flix" */;
			compatibilityVersion = "Xcode 8.0";
			developmentRegion = en;
			hasScannedForEncodings = 0;
			knownRegions = (
				en,
				Base,
			);
			mainGroup = 6398435C2026C145007B5E17;
			productRefGroup = 639843662026C145007B5E17 /* Products */;
			projectDirPath = "";
			projectRoot = "";
			targets = (
				639843642026C145007B5E17 /* Flix */,
				639843782026C145007B5E17 /* FlixTests */,
				639843832026C146007B5E17 /* FlixUITests */,
			);
		};
/* End PBXProject section */

/* Begin PBXResourcesBuildPhase section */
		639843632026C145007B5E17 /* Resources */ = {
			isa = PBXResourcesBuildPhase;
			buildActionMask = 2147483647;
			files = (
				639843732026C145007B5E17 /* LaunchScreen.storyboard in Resources */,
				639843702026C145007B5E17 /* Assets.xcassets in Resources */,
				6398436E2026C145007B5E17 /* Main.storyboard in Resources */,
			);
			runOnlyForDeploymentPostprocessing = 0;
		};
		639843772026C145007B5E17 /* Resources */ = {
			isa = PBXResourcesBuildPhase;
			buildActionMask = 2147483647;
			files = (
			);
			runOnlyForDeploymentPostprocessing = 0;
		};
		639843822026C146007B5E17 /* Resources */ = {
			isa = PBXResourcesBuildPhase;
			buildActionMask = 2147483647;
			files = (
			);
			runOnlyForDeploymentPostprocessing = 0;
		};
/* End PBXResourcesBuildPhase section */

/* Begin PBXShellScriptBuildPhase section */
		1F0073C4EB8F8258FC9C9CBF /* [CP] Check Pods Manifest.lock */ = {
			isa = PBXShellScriptBuildPhase;
			buildActionMask = 2147483647;
			files = (
			);
			inputPaths = (
				"${PODS_PODFILE_DIR_PATH}/Podfile.lock",
				"${PODS_ROOT}/Manifest.lock",
			);
			name = "[CP] Check Pods Manifest.lock";
			outputPaths = (
				"$(DERIVED_FILE_DIR)/Pods-FlixTests-checkManifestLockResult.txt",
			);
			runOnlyForDeploymentPostprocessing = 0;
			shellPath = /bin/sh;
			shellScript = "diff \"${PODS_PODFILE_DIR_PATH}/Podfile.lock\" \"${PODS_ROOT}/Manifest.lock\" > /dev/null\nif [ $? != 0 ] ; then\n    # print error to STDERR\n    echo \"error: The sandbox is not in sync with the Podfile.lock. Run 'pod install' or update your CocoaPods installation.\" >&2\n    exit 1\nfi\n# This output is used by Xcode 'outputs' to avoid re-running this script phase.\necho \"SUCCESS\" > \"${SCRIPT_OUTPUT_FILE_0}\"\n";
			showEnvVarsInLog = 0;
		};
		37F5CE2A4067095A2F61EC02 /* [CP] Embed Pods Frameworks */ = {
			isa = PBXShellScriptBuildPhase;
			buildActionMask = 2147483647;
			files = (
			);
			inputPaths = (
			);
			name = "[CP] Embed Pods Frameworks";
			outputPaths = (
			);
			runOnlyForDeploymentPostprocessing = 0;
			shellPath = /bin/sh;
			shellScript = "\"${SRCROOT}/Pods/Target Support Files/Pods-FlixTests/Pods-FlixTests-frameworks.sh\"\n";
			showEnvVarsInLog = 0;
		};
		42599E140AB5B8A5A570FE40 /* [CP] Check Pods Manifest.lock */ = {
			isa = PBXShellScriptBuildPhase;
			buildActionMask = 2147483647;
			files = (
			);
			inputPaths = (
				"${PODS_PODFILE_DIR_PATH}/Podfile.lock",
				"${PODS_ROOT}/Manifest.lock",
			);
			name = "[CP] Check Pods Manifest.lock";
			outputPaths = (
				"$(DERIVED_FILE_DIR)/Pods-Flix-checkManifestLockResult.txt",
			);
			runOnlyForDeploymentPostprocessing = 0;
			shellPath = /bin/sh;
			shellScript = "diff \"${PODS_PODFILE_DIR_PATH}/Podfile.lock\" \"${PODS_ROOT}/Manifest.lock\" > /dev/null\nif [ $? != 0 ] ; then\n    # print error to STDERR\n    echo \"error: The sandbox is not in sync with the Podfile.lock. Run 'pod install' or update your CocoaPods installation.\" >&2\n    exit 1\nfi\n# This output is used by Xcode 'outputs' to avoid re-running this script phase.\necho \"SUCCESS\" > \"${SCRIPT_OUTPUT_FILE_0}\"\n";
			showEnvVarsInLog = 0;
		};
		6089B784033B35BD345706D1 /* [CP] Copy Pods Resources */ = {
			isa = PBXShellScriptBuildPhase;
			buildActionMask = 2147483647;
			files = (
			);
			inputPaths = (
			);
			name = "[CP] Copy Pods Resources";
			outputPaths = (
			);
			runOnlyForDeploymentPostprocessing = 0;
			shellPath = /bin/sh;
			shellScript = "\"${SRCROOT}/Pods/Target Support Files/Pods-Flix/Pods-Flix-resources.sh\"\n";
			showEnvVarsInLog = 0;
		};
		6967AB19AE58FF8BABF07875 /* [CP] Embed Pods Frameworks */ = {
			isa = PBXShellScriptBuildPhase;
			buildActionMask = 2147483647;
			files = (
			);
			inputPaths = (
				"${SRCROOT}/Pods/Target Support Files/Pods-Flix/Pods-Flix-frameworks.sh",
				"${BUILT_PRODUCTS_DIR}/Alamofire/Alamofire.framework",
				"${BUILT_PRODUCTS_DIR}/AlamofireImage/AlamofireImage.framework",
			);
			name = "[CP] Embed Pods Frameworks";
			outputPaths = (
				"${TARGET_BUILD_DIR}/${FRAMEWORKS_FOLDER_PATH}/Alamofire.framework",
				"${TARGET_BUILD_DIR}/${FRAMEWORKS_FOLDER_PATH}/AlamofireImage.framework",
			);
			runOnlyForDeploymentPostprocessing = 0;
			shellPath = /bin/sh;
			shellScript = "\"${SRCROOT}/Pods/Target Support Files/Pods-Flix/Pods-Flix-frameworks.sh\"\n";
			showEnvVarsInLog = 0;
		};
		853B0B57CBCA8CE9AC313794 /* [CP] Copy Pods Resources */ = {
			isa = PBXShellScriptBuildPhase;
			buildActionMask = 2147483647;
			files = (
			);
			inputPaths = (
			);
			name = "[CP] Copy Pods Resources";
			outputPaths = (
			);
			runOnlyForDeploymentPostprocessing = 0;
			shellPath = /bin/sh;
			shellScript = "\"${SRCROOT}/Pods/Target Support Files/Pods-FlixTests/Pods-FlixTests-resources.sh\"\n";
			showEnvVarsInLog = 0;
		};
		8B85E234754FB889C197E5DD /* [CP] Copy Pods Resources */ = {
			isa = PBXShellScriptBuildPhase;
			buildActionMask = 2147483647;
			files = (
			);
			inputPaths = (
			);
			name = "[CP] Copy Pods Resources";
			outputPaths = (
			);
			runOnlyForDeploymentPostprocessing = 0;
			shellPath = /bin/sh;
			shellScript = "\"${SRCROOT}/Pods/Target Support Files/Pods-FlixUITests/Pods-FlixUITests-resources.sh\"\n";
			showEnvVarsInLog = 0;
		};
		94BDAC7E8C977F3A03F06121 /* [CP] Check Pods Manifest.lock */ = {
			isa = PBXShellScriptBuildPhase;
			buildActionMask = 2147483647;
			files = (
			);
			inputPaths = (
				"${PODS_PODFILE_DIR_PATH}/Podfile.lock",
				"${PODS_ROOT}/Manifest.lock",
			);
			name = "[CP] Check Pods Manifest.lock";
			outputPaths = (
				"$(DERIVED_FILE_DIR)/Pods-FlixUITests-checkManifestLockResult.txt",
			);
			runOnlyForDeploymentPostprocessing = 0;
			shellPath = /bin/sh;
			shellScript = "diff \"${PODS_PODFILE_DIR_PATH}/Podfile.lock\" \"${PODS_ROOT}/Manifest.lock\" > /dev/null\nif [ $? != 0 ] ; then\n    # print error to STDERR\n    echo \"error: The sandbox is not in sync with the Podfile.lock. Run 'pod install' or update your CocoaPods installation.\" >&2\n    exit 1\nfi\n# This output is used by Xcode 'outputs' to avoid re-running this script phase.\necho \"SUCCESS\" > \"${SCRIPT_OUTPUT_FILE_0}\"\n";
			showEnvVarsInLog = 0;
		};
		AFEF89E37F513D04F863F7FA /* [CP] Embed Pods Frameworks */ = {
			isa = PBXShellScriptBuildPhase;
			buildActionMask = 2147483647;
			files = (
			);
			inputPaths = (
			);
			name = "[CP] Embed Pods Frameworks";
			outputPaths = (
			);
			runOnlyForDeploymentPostprocessing = 0;
			shellPath = /bin/sh;
			shellScript = "\"${SRCROOT}/Pods/Target Support Files/Pods-FlixUITests/Pods-FlixUITests-frameworks.sh\"\n";
			showEnvVarsInLog = 0;
		};
/* End PBXShellScriptBuildPhase section */

/* Begin PBXSourcesBuildPhase section */
		639843612026C145007B5E17 /* Sources */ = {
			isa = PBXSourcesBuildPhase;
			buildActionMask = 2147483647;
			files = (
				639843692026C145007B5E17 /* AppDelegate.swift in Sources */,
				630105F020317855004A746B /* PosterCell.swift in Sources */,
				630105F2203178A9004A746B /* SuperheroViewController.swift in Sources */,
				63828BCD20279D6500554B35 /* MoviesViewController.swift in Sources */,
				636EADB520318FB900C30B0C /* PopularViewController.swift in Sources */,
				632B737C2027C2A2008FE116 /* MovieCell.swift in Sources */,
				630105EE20314009004A746B /* DetailsViewController.swift in Sources */,
			);
			runOnlyForDeploymentPostprocessing = 0;
		};
		639843752026C145007B5E17 /* Sources */ = {
			isa = PBXSourcesBuildPhase;
			buildActionMask = 2147483647;
			files = (
				6398437E2026C145007B5E17 /* FlixTests.swift in Sources */,
			);
			runOnlyForDeploymentPostprocessing = 0;
		};
		639843802026C146007B5E17 /* Sources */ = {
			isa = PBXSourcesBuildPhase;
			buildActionMask = 2147483647;
			files = (
				639843892026C146007B5E17 /* FlixUITests.swift in Sources */,
			);
			runOnlyForDeploymentPostprocessing = 0;
		};
/* End PBXSourcesBuildPhase section */

/* Begin PBXTargetDependency section */
		6398437B2026C145007B5E17 /* PBXTargetDependency */ = {
			isa = PBXTargetDependency;
			target = 639843642026C145007B5E17 /* Flix */;
			targetProxy = 6398437A2026C145007B5E17 /* PBXContainerItemProxy */;
		};
		639843862026C146007B5E17 /* PBXTargetDependency */ = {
			isa = PBXTargetDependency;
			target = 639843642026C145007B5E17 /* Flix */;
			targetProxy = 639843852026C146007B5E17 /* PBXContainerItemProxy */;
		};
/* End PBXTargetDependency section */

/* Begin PBXVariantGroup section */
		6398436C2026C145007B5E17 /* Main.storyboard */ = {
			isa = PBXVariantGroup;
			children = (
				6398436D2026C145007B5E17 /* Base */,
			);
			name = Main.storyboard;
			sourceTree = "<group>";
		};
		639843712026C145007B5E17 /* LaunchScreen.storyboard */ = {
			isa = PBXVariantGroup;
			children = (
				639843722026C145007B5E17 /* Base */,
			);
			name = LaunchScreen.storyboard;
			sourceTree = "<group>";
		};
/* End PBXVariantGroup section */

/* Begin XCBuildConfiguration section */
		6398438B2026C146007B5E17 /* Debug */ = {
			isa = XCBuildConfiguration;
			buildSettings = {
				ALWAYS_SEARCH_USER_PATHS = NO;
				CLANG_ANALYZER_NONNULL = YES;
				CLANG_ANALYZER_NUMBER_OBJECT_CONVERSION = YES_AGGRESSIVE;
				CLANG_CXX_LANGUAGE_STANDARD = "gnu++14";
				CLANG_CXX_LIBRARY = "libc++";
				CLANG_ENABLE_MODULES = YES;
				CLANG_ENABLE_OBJC_ARC = YES;
				CLANG_WARN_BLOCK_CAPTURE_AUTORELEASING = YES;
				CLANG_WARN_BOOL_CONVERSION = YES;
				CLANG_WARN_COMMA = YES;
				CLANG_WARN_CONSTANT_CONVERSION = YES;
				CLANG_WARN_DIRECT_OBJC_ISA_USAGE = YES_ERROR;
				CLANG_WARN_DOCUMENTATION_COMMENTS = YES;
				CLANG_WARN_EMPTY_BODY = YES;
				CLANG_WARN_ENUM_CONVERSION = YES;
				CLANG_WARN_INFINITE_RECURSION = YES;
				CLANG_WARN_INT_CONVERSION = YES;
				CLANG_WARN_NON_LITERAL_NULL_CONVERSION = YES;
				CLANG_WARN_OBJC_LITERAL_CONVERSION = YES;
				CLANG_WARN_OBJC_ROOT_CLASS = YES_ERROR;
				CLANG_WARN_RANGE_LOOP_ANALYSIS = YES;
				CLANG_WARN_STRICT_PROTOTYPES = YES;
				CLANG_WARN_SUSPICIOUS_MOVE = YES;
				CLANG_WARN_UNGUARDED_AVAILABILITY = YES_AGGRESSIVE;
				CLANG_WARN_UNREACHABLE_CODE = YES;
				CLANG_WARN__DUPLICATE_METHOD_MATCH = YES;
				CODE_SIGN_IDENTITY = "iPhone Developer";
				COPY_PHASE_STRIP = NO;
				DEBUG_INFORMATION_FORMAT = dwarf;
				ENABLE_STRICT_OBJC_MSGSEND = YES;
				ENABLE_TESTABILITY = YES;
				GCC_C_LANGUAGE_STANDARD = gnu11;
				GCC_DYNAMIC_NO_PIC = NO;
				GCC_NO_COMMON_BLOCKS = YES;
				GCC_OPTIMIZATION_LEVEL = 0;
				GCC_PREPROCESSOR_DEFINITIONS = (
					"DEBUG=1",
					"$(inherited)",
				);
				GCC_WARN_64_TO_32_BIT_CONVERSION = YES;
				GCC_WARN_ABOUT_RETURN_TYPE = YES_ERROR;
				GCC_WARN_UNDECLARED_SELECTOR = YES;
				GCC_WARN_UNINITIALIZED_AUTOS = YES_AGGRESSIVE;
				GCC_WARN_UNUSED_FUNCTION = YES;
				GCC_WARN_UNUSED_VARIABLE = YES;
				IPHONEOS_DEPLOYMENT_TARGET = 11.2;
				MTL_ENABLE_DEBUG_INFO = YES;
				ONLY_ACTIVE_ARCH = YES;
				SDKROOT = iphoneos;
				SWIFT_ACTIVE_COMPILATION_CONDITIONS = DEBUG;
				SWIFT_OPTIMIZATION_LEVEL = "-Onone";
			};
			name = Debug;
		};
		6398438C2026C146007B5E17 /* Release */ = {
			isa = XCBuildConfiguration;
			buildSettings = {
				ALWAYS_SEARCH_USER_PATHS = NO;
				CLANG_ANALYZER_NONNULL = YES;
				CLANG_ANALYZER_NUMBER_OBJECT_CONVERSION = YES_AGGRESSIVE;
				CLANG_CXX_LANGUAGE_STANDARD = "gnu++14";
				CLANG_CXX_LIBRARY = "libc++";
				CLANG_ENABLE_MODULES = YES;
				CLANG_ENABLE_OBJC_ARC = YES;
				CLANG_WARN_BLOCK_CAPTURE_AUTORELEASING = YES;
				CLANG_WARN_BOOL_CONVERSION = YES;
				CLANG_WARN_COMMA = YES;
				CLANG_WARN_CONSTANT_CONVERSION = YES;
				CLANG_WARN_DIRECT_OBJC_ISA_USAGE = YES_ERROR;
				CLANG_WARN_DOCUMENTATION_COMMENTS = YES;
				CLANG_WARN_EMPTY_BODY = YES;
				CLANG_WARN_ENUM_CONVERSION = YES;
				CLANG_WARN_INFINITE_RECURSION = YES;
				CLANG_WARN_INT_CONVERSION = YES;
				CLANG_WARN_NON_LITERAL_NULL_CONVERSION = YES;
				CLANG_WARN_OBJC_LITERAL_CONVERSION = YES;
				CLANG_WARN_OBJC_ROOT_CLASS = YES_ERROR;
				CLANG_WARN_RANGE_LOOP_ANALYSIS = YES;
				CLANG_WARN_STRICT_PROTOTYPES = YES;
				CLANG_WARN_SUSPICIOUS_MOVE = YES;
				CLANG_WARN_UNGUARDED_AVAILABILITY = YES_AGGRESSIVE;
				CLANG_WARN_UNREACHABLE_CODE = YES;
				CLANG_WARN__DUPLICATE_METHOD_MATCH = YES;
				CODE_SIGN_IDENTITY = "iPhone Developer";
				COPY_PHASE_STRIP = NO;
				DEBUG_INFORMATION_FORMAT = "dwarf-with-dsym";
				ENABLE_NS_ASSERTIONS = NO;
				ENABLE_STRICT_OBJC_MSGSEND = YES;
				GCC_C_LANGUAGE_STANDARD = gnu11;
				GCC_NO_COMMON_BLOCKS = YES;
				GCC_WARN_64_TO_32_BIT_CONVERSION = YES;
				GCC_WARN_ABOUT_RETURN_TYPE = YES_ERROR;
				GCC_WARN_UNDECLARED_SELECTOR = YES;
				GCC_WARN_UNINITIALIZED_AUTOS = YES_AGGRESSIVE;
				GCC_WARN_UNUSED_FUNCTION = YES;
				GCC_WARN_UNUSED_VARIABLE = YES;
				IPHONEOS_DEPLOYMENT_TARGET = 11.2;
				MTL_ENABLE_DEBUG_INFO = NO;
				SDKROOT = iphoneos;
				SWIFT_OPTIMIZATION_LEVEL = "-Owholemodule";
				VALIDATE_PRODUCT = YES;
			};
			name = Release;
		};
		6398438E2026C146007B5E17 /* Debug */ = {
			isa = XCBuildConfiguration;
			baseConfigurationReference = D501C070A34CC16577FC00F5 /* Pods-Flix.debug.xcconfig */;
			buildSettings = {
				ASSETCATALOG_COMPILER_APPICON_NAME = AppIcon;
				CODE_SIGN_STYLE = Automatic;
				INFOPLIST_FILE = Flix/Info.plist;
				LD_RUNPATH_SEARCH_PATHS = "$(inherited) @executable_path/Frameworks";
				PRODUCT_BUNDLE_IDENTIFIER = dave.Flix;
				PRODUCT_NAME = "$(TARGET_NAME)";
				SWIFT_VERSION = 4.0;
				TARGETED_DEVICE_FAMILY = "1,2";
			};
			name = Debug;
		};
		6398438F2026C146007B5E17 /* Release */ = {
			isa = XCBuildConfiguration;
			baseConfigurationReference = 2B738DB1C5A00036906862E8 /* Pods-Flix.release.xcconfig */;
			buildSettings = {
				ASSETCATALOG_COMPILER_APPICON_NAME = AppIcon;
				CODE_SIGN_STYLE = Automatic;
				INFOPLIST_FILE = Flix/Info.plist;
				LD_RUNPATH_SEARCH_PATHS = "$(inherited) @executable_path/Frameworks";
				PRODUCT_BUNDLE_IDENTIFIER = dave.Flix;
				PRODUCT_NAME = "$(TARGET_NAME)";
				SWIFT_VERSION = 4.0;
				TARGETED_DEVICE_FAMILY = "1,2";
			};
			name = Release;
		};
		639843912026C146007B5E17 /* Debug */ = {
			isa = XCBuildConfiguration;
			baseConfigurationReference = B823D3AA30403DD70A6F4A68 /* Pods-FlixTests.debug.xcconfig */;
			buildSettings = {
				ALWAYS_EMBED_SWIFT_STANDARD_LIBRARIES = YES;
				BUNDLE_LOADER = "$(TEST_HOST)";
				CODE_SIGN_STYLE = Automatic;
				INFOPLIST_FILE = FlixTests/Info.plist;
				LD_RUNPATH_SEARCH_PATHS = "$(inherited) @executable_path/Frameworks @loader_path/Frameworks";
				PRODUCT_BUNDLE_IDENTIFIER = dave.FlixTests;
				PRODUCT_NAME = "$(TARGET_NAME)";
				SWIFT_VERSION = 4.0;
				TARGETED_DEVICE_FAMILY = "1,2";
				TEST_HOST = "$(BUILT_PRODUCTS_DIR)/Flix.app/Flix";
			};
			name = Debug;
		};
		639843922026C146007B5E17 /* Release */ = {
			isa = XCBuildConfiguration;
			baseConfigurationReference = 09D41F95650CE230CF6DE5B7 /* Pods-FlixTests.release.xcconfig */;
			buildSettings = {
				ALWAYS_EMBED_SWIFT_STANDARD_LIBRARIES = YES;
				BUNDLE_LOADER = "$(TEST_HOST)";
				CODE_SIGN_STYLE = Automatic;
				INFOPLIST_FILE = FlixTests/Info.plist;
				LD_RUNPATH_SEARCH_PATHS = "$(inherited) @executable_path/Frameworks @loader_path/Frameworks";
				PRODUCT_BUNDLE_IDENTIFIER = dave.FlixTests;
				PRODUCT_NAME = "$(TARGET_NAME)";
				SWIFT_VERSION = 4.0;
				TARGETED_DEVICE_FAMILY = "1,2";
				TEST_HOST = "$(BUILT_PRODUCTS_DIR)/Flix.app/Flix";
			};
			name = Release;
		};
		639843942026C146007B5E17 /* Debug */ = {
			isa = XCBuildConfiguration;
			baseConfigurationReference = E0CB3558497603C23D2A9BD1 /* Pods-FlixUITests.debug.xcconfig */;
			buildSettings = {
				ALWAYS_EMBED_SWIFT_STANDARD_LIBRARIES = YES;
				CODE_SIGN_STYLE = Automatic;
				INFOPLIST_FILE = FlixUITests/Info.plist;
				LD_RUNPATH_SEARCH_PATHS = "$(inherited) @executable_path/Frameworks @loader_path/Frameworks";
				PRODUCT_BUNDLE_IDENTIFIER = dave.FlixUITests;
				PRODUCT_NAME = "$(TARGET_NAME)";
				SWIFT_VERSION = 4.0;
				TARGETED_DEVICE_FAMILY = "1,2";
				TEST_TARGET_NAME = Flix;
			};
			name = Debug;
		};
		639843952026C146007B5E17 /* Release */ = {
			isa = XCBuildConfiguration;
			baseConfigurationReference = E77CD50DFCE674C594F26613 /* Pods-FlixUITests.release.xcconfig */;
			buildSettings = {
				ALWAYS_EMBED_SWIFT_STANDARD_LIBRARIES = YES;
				CODE_SIGN_STYLE = Automatic;
				INFOPLIST_FILE = FlixUITests/Info.plist;
				LD_RUNPATH_SEARCH_PATHS = "$(inherited) @executable_path/Frameworks @loader_path/Frameworks";
				PRODUCT_BUNDLE_IDENTIFIER = dave.FlixUITests;
				PRODUCT_NAME = "$(TARGET_NAME)";
				SWIFT_VERSION = 4.0;
				TARGETED_DEVICE_FAMILY = "1,2";
				TEST_TARGET_NAME = Flix;
			};
			name = Release;
		};
/* End XCBuildConfiguration section */

/* Begin XCConfigurationList section */
		639843602026C145007B5E17 /* Build configuration list for PBXProject "Flix" */ = {
			isa = XCConfigurationList;
			buildConfigurations = (
				6398438B2026C146007B5E17 /* Debug */,
				6398438C2026C146007B5E17 /* Release */,
			);
			defaultConfigurationIsVisible = 0;
			defaultConfigurationName = Release;
		};
		6398438D2026C146007B5E17 /* Build configuration list for PBXNativeTarget "Flix" */ = {
			isa = XCConfigurationList;
			buildConfigurations = (
				6398438E2026C146007B5E17 /* Debug */,
				6398438F2026C146007B5E17 /* Release */,
			);
			defaultConfigurationIsVisible = 0;
			defaultConfigurationName = Release;
		};
		639843902026C146007B5E17 /* Build configuration list for PBXNativeTarget "FlixTests" */ = {
			isa = XCConfigurationList;
			buildConfigurations = (
				639843912026C146007B5E17 /* Debug */,
				639843922026C146007B5E17 /* Release */,
			);
			defaultConfigurationIsVisible = 0;
			defaultConfigurationName = Release;
		};
		639843932026C146007B5E17 /* Build configuration list for PBXNativeTarget "FlixUITests" */ = {
			isa = XCConfigurationList;
			buildConfigurations = (
				639843942026C146007B5E17 /* Debug */,
				639843952026C146007B5E17 /* Release */,
			);
			defaultConfigurationIsVisible = 0;
			defaultConfigurationName = Release;
		};
/* End XCConfigurationList section */
	};
	rootObject = 6398435D2026C145007B5E17 /* Project object */;
}
